
Microsoft Visual Studio Solution File, Format Version 12.00
# Visual Studio Version 17
VisualStudioVersion = 17.14.36414.22
MinimumVisualStudioVersion = 10.0.40219.1
Project("{FAE04EC0-301F-11D3-BF4B-00C04F79EFBC}") = "Ticketing", "Ticketing\Ticketing.csproj", "{8D14ECFF-365B-4739-8501-925A890824C7}"
EndProject
Project("{FAE04EC0-301F-11D3-BF4B-00C04F79EFBC}") = "Ticketing.Domain", "Ticketing.Domain\Ticketing.Domain.csproj", "{27CC5EFA-9B17-4A4F-BB26-D3121AABE1A3}"
EndProject
Project("{FAE04EC0-301F-11D3-BF4B-00C04F79EFBC}") = "Ticketing.Application", "Ticketing.Application\Ticketing.Application.csproj", "{C79B2E6A-64EE-4FE6-8EB5-2C7BD20E6138}"
EndProject
Project("{FAE04EC0-301F-11D3-BF4B-00C04F79EFBC}") = "Ticketing.Infrastructure", "Ticketing.Infrastructure\Ticketing.Infrastructure.csproj", "{67A95193-0192-4E81-8D82-EAA5DDF116EB}"
EndProject
Global
	GlobalSection(SolutionConfigurationPlatforms) = preSolution
		Debug|Any CPU = Debug|Any CPU
		Debug|x64 = Debug|x64
		Debug|x86 = Debug|x86
		Release|Any CPU = Release|Any CPU
		Release|x64 = Release|x64
		Release|x86 = Release|x86
	EndGlobalSection
	GlobalSection(ProjectConfigurationPlatforms) = postSolution
		{8D14ECFF-365B-4739-8501-925A890824C7}.Debug|Any CPU.ActiveCfg = Debug|Any CPU
		{8D14ECFF-365B-4739-8501-925A890824C7}.Debug|Any CPU.Build.0 = Debug|Any CPU
		{8D14ECFF-365B-4739-8501-925A890824C7}.Debug|x64.ActiveCfg = Debug|Any CPU
		{8D14ECFF-365B-4739-8501-925A890824C7}.Debug|x64.Build.0 = Debug|Any CPU
		{8D14ECFF-365B-4739-8501-925A890824C7}.Debug|x86.ActiveCfg = Debug|Any CPU
		{8D14ECFF-365B-4739-8501-925A890824C7}.Debug|x86.Build.0 = Debug|Any CPU
		{8D14ECFF-365B-4739-8501-925A890824C7}.Release|Any CPU.ActiveCfg = Release|Any CPU
		{8D14ECFF-365B-4739-8501-925A890824C7}.Release|Any CPU.Build.0 = Release|Any CPU
		{8D14ECFF-365B-4739-8501-925A890824C7}.Release|x64.ActiveCfg = Release|Any CPU
		{8D14ECFF-365B-4739-8501-925A890824C7}.Release|x64.Build.0 = Release|Any CPU
		{8D14ECFF-365B-4739-8501-925A890824C7}.Release|x86.ActiveCfg = Release|Any CPU
		{8D14ECFF-365B-4739-8501-925A890824C7}.Release|x86.Build.0 = Release|Any CPU
		{27CC5EFA-9B17-4A4F-BB26-D3121AABE1A3}.Debug|Any CPU.ActiveCfg = Debug|Any CPU
		{27CC5EFA-9B17-4A4F-BB26-D3121AABE1A3}.Debug|Any CPU.Build.0 = Debug|Any CPU
		{27CC5EFA-9B17-4A4F-BB26-D3121AABE1A3}.Debug|x64.ActiveCfg = Debug|Any CPU
		{27CC5EFA-9B17-4A4F-BB26-D3121AABE1A3}.Debug|x64.Build.0 = Debug|Any CPU
		{27CC5EFA-9B17-4A4F-BB26-D3121AABE1A3}.Debug|x86.ActiveCfg = Debug|Any CPU
		{27CC5EFA-9B17-4A4F-BB26-D3121AABE1A3}.Debug|x86.Build.0 = Debug|Any CPU
		{27CC5EFA-9B17-4A4F-BB26-D3121AABE1A3}.Release|Any CPU.ActiveCfg = Release|Any CPU
		{27CC5EFA-9B17-4A4F-BB26-D3121AABE1A3}.Release|Any CPU.Build.0 = Release|Any CPU
		{27CC5EFA-9B17-4A4F-BB26-D3121AABE1A3}.Release|x64.ActiveCfg = Release|Any CPU
		{27CC5EFA-9B17-4A4F-BB26-D3121AABE1A3}.Release|x64.Build.0 = Release|Any CPU
		{27CC5EFA-9B17-4A4F-BB26-D3121AABE1A3}.Release|x86.ActiveCfg = Release|Any CPU
		{27CC5EFA-9B17-4A4F-BB26-D3121AABE1A3}.Release|x86.Build.0 = Release|Any CPU
		{C79B2E6A-64EE-4FE6-8EB5-2C7BD20E6138}.Debug|Any CPU.ActiveCfg = Debug|Any CPU
		{C79B2E6A-64EE-4FE6-8EB5-2C7BD20E6138}.Debug|Any CPU.Build.0 = Debug|Any CPU
		{C79B2E6A-64EE-4FE6-8EB5-2C7BD20E6138}.Debug|x64.ActiveCfg = Debug|Any CPU
		{C79B2E6A-64EE-4FE6-8EB5-2C7BD20E6138}.Debug|x64.Build.0 = Debug|Any CPU
		{C79B2E6A-64EE-4FE6-8EB5-2C7BD20E6138}.Debug|x86.ActiveCfg = Debug|Any CPU
		{C79B2E6A-64EE-4FE6-8EB5-2C7BD20E6138}.Debug|x86.Build.0 = Debug|Any CPU
		{C79B2E6A-64EE-4FE6-8EB5-2C7BD20E6138}.Release|Any CPU.ActiveCfg = Release|Any CPU
		{C79B2E6A-64EE-4FE6-8EB5-2C7BD20E6138}.Release|Any CPU.Build.0 = Release|Any CPU
		{C79B2E6A-64EE-4FE6-8EB5-2C7BD20E6138}.Release|x64.ActiveCfg = Release|Any CPU
		{C79B2E6A-64EE-4FE6-8EB5-2C7BD20E6138}.Release|x64.Build.0 = Release|Any CPU
		{C79B2E6A-64EE-4FE6-8EB5-2C7BD20E6138}.Release|x86.ActiveCfg = Release|Any CPU
		{C79B2E6A-64EE-4FE6-8EB5-2C7BD20E6138}.Release|x86.Build.0 = Release|Any CPU
		{67A95193-0192-4E81-8D82-EAA5DDF116EB}.Debug|Any CPU.ActiveCfg = Debug|Any CPU
		{67A95193-0192-4E81-8D82-EAA5DDF116EB}.Debug|Any CPU.Build.0 = Debug|Any CPU
		{67A95193-0192-4E81-8D82-EAA5DDF116EB}.Debug|x64.ActiveCfg = Debug|Any CPU
		{67A95193-0192-4E81-8D82-EAA5DDF116EB}.Debug|x64.Build.0 = Debug|Any CPU
		{67A95193-0192-4E81-8D82-EAA5DDF116EB}.Debug|x86.ActiveCfg = Debug|Any CPU
		{67A95193-0192-4E81-8D82-EAA5DDF116EB}.Debug|x86.Build.0 = Debug|Any CPU
		{67A95193-0192-4E81-8D82-EAA5DDF116EB}.Release|Any CPU.ActiveCfg = Release|Any CPU
		{67A95193-0192-4E81-8D82-EAA5DDF116EB}.Release|Any CPU.Build.0 = Release|Any CPU
		{67A95193-0192-4E81-8D82-EAA5DDF116EB}.Release|x64.ActiveCfg = Release|Any CPU
		{67A95193-0192-4E81-8D82-EAA5DDF116EB}.Release|x64.Build.0 = Release|Any CPU
		{67A95193-0192-4E81-8D82-EAA5DDF116EB}.Release|x86.ActiveCfg = Release|Any CPU
		{67A95193-0192-4E81-8D82-EAA5DDF116EB}.Release|x86.Build.0 = Release|Any CPU
	EndGlobalSection
	GlobalSection(SolutionProperties) = preSolution
		HideSolutionNode = FALSE
	EndGlobalSection
	GlobalSection(ExtensibilityGlobals) = postSolution
		SolutionGuid = {A4730724-8EA9-4AD3-834F-B9772F51A7DE}
	EndGlobalSection
EndGlobal
